{
  "name": "build-images",
  "lockfileVersion": 2,
  "requires": true,
  "packages": {
    "": {
      "devDependencies": {
        "@vscode/dev-container-cli": "^0.222.0"
      }
    },
    "node_modules/@vscode/dev-container-cli": {
      "version": "0.222.0",
      "resolved": "https://registry.npmjs.org/@vscode/dev-container-cli/-/dev-container-cli-0.222.0.tgz",
      "integrity": "sha512-599yUEO/W7Ui1HCXEoadBzU+1VS+tMXZzc42XdcNPM/54GQskk1uykNwV5syWie9yBQirxu5zs1oy68xXy8dsw==",
      "dev": true,
      "dependencies": {
        "node-pty": "^0.10.1"
      },
      "bin": {
        "devcontainer": "cli.js"
      },
      "engines": {
        "node": ">=12.18.3"
      }
    },
    "node_modules/nan": {
      "version": "2.15.0",
      "resolved": "https://registry.npmjs.org/nan/-/nan-2.15.0.tgz",
      "integrity": "sha512-8ZtvEnA2c5aYCZYd1cvgdnU6cqwixRoYg70xPLWUws5ORTa/lnw+u4amixRS/Ac5U5mQVgp9pnlSUnbNWFaWZQ==",
      "dev": true
    },
    "node_modules/node-pty": {
      "version": "0.10.1",
      "resolved": "https://registry.npmjs.org/node-pty/-/node-pty-0.10.1.tgz",
      "integrity": "sha512-JTdtUS0Im/yRsWJSx7yiW9rtpfmxqxolrtnyKwPLI+6XqTAPW/O2MjS8FYL4I5TsMbH2lVgDb2VMjp+9LoQGNg==",
      "dev": true,
      "hasInstallScript": true,
      "dependencies": {
        "nan": "^2.14.0"
      }
    }
  },
  "dependencies": {
    "@vscode/dev-container-cli": {
      "version": "0.222.0",
      "resolved": "https://registry.npmjs.org/@vscode/dev-container-cli/-/dev-container-cli-0.222.0.tgz",
      "integrity": "sha512-599yUEO/W7Ui1HCXEoadBzU+1VS+tMXZzc42XdcNPM/54GQskk1uykNwV5syWie9yBQirxu5zs1oy68xXy8dsw==",
      "dev": true,
      "requires": {
        "node-pty": "^0.10.1"
      }
    },
    "nan": {
      "version": "2.15.0",
      "resolved": "https://registry.npmjs.org/nan/-/nan-2.15.0.tgz",
      "integrity": "sha512-8ZtvEnA2c5aYCZYd1cvgdnU6cqwixRoYg70xPLWUws5ORTa/lnw+u4amixRS/Ac5U5mQVgp9pnlSUnbNWFaWZQ==",
      "dev": true
    },
    "node-pty": {
      "version": "0.10.1",
      "resolved": "https://registry.npmjs.org/node-pty/-/node-pty-0.10.1.tgz",
      "integrity": "sha512-JTdtUS0Im/yRsWJSx7yiW9rtpfmxqxolrtnyKwPLI+6XqTAPW/O2MjS8FYL4I5TsMbH2lVgDb2VMjp+9LoQGNg==",
      "dev": true,
      "requires": {
        "nan": "^2.14.0"
      }
    }
  }
}
